{
  "name": "lsp-gateway",
  "version": "0.0.1",
  "lockfileVersion": 3,
  "requires": true,
  "packages": {
    "": {
      "name": "lsp-gateway",
      "version": "0.0.1",
      "cpu": [
        "x64",
        "arm64"
      ],
      "hasInstallScript": true,
      "license": "MIT",
      "os": [
        "linux",
        "darwin",
        "win32"
      ],
      "bin": {
        "lspg": "bin/lspg"
      },
      "devDependencies": {},
      "engines": {
        "node": ">=20.0.0"
      },
      "funding": {
        "type": "github",
        "url": "https://github.com/sponsors/lsp-gateway"
      },
      "optionalDependencies": {
        "lsp-gateway-darwin-arm64": "^0.0.1",
        "lsp-gateway-darwin-x64": "^0.0.1",
        "lsp-gateway-linux-x64": "^0.0.1",
        "lsp-gateway-win32-x64": "^0.0.1"
      }
    },
    "node_modules/lsp-gateway-darwin-arm64": {
      "optional": true
    },
    "node_modules/lsp-gateway-darwin-x64": {
      "optional": true
    },
    "node_modules/lsp-gateway-linux-x64": {
      "optional": true
    },
    "node_modules/lsp-gateway-win32-x64": {
      "optional": true
    }
  }
}
